
Microsoft Visual Studio Solution File, Format Version 12.00
# Visual Studio 2013
VisualStudioVersion = 12.0.31101.0
MinimumVisualStudioVersion = 10.0.40219.1
Project("{FAE04EC0-301F-11D3-BF4B-00C04F79EFBC}") = "ObjectTypeExample", "ObjectTypeExample\ObjectTypeExample.csproj", "{C242CF33-7763-4DB4-8D23-823AEA5FDD7A}"
EndProject
Project("{FAE04EC0-301F-11D3-BF4B-00C04F79EFBC}") = "ValueAndReferenceType", "ValueAndReferenceType\ValueAndReferenceType.csproj", "{6D072B64-079C-48F1-80DF-404DCBF28A7B}"
EndProject
Project("{FAE04EC0-301F-11D3-BF4B-00C04F79EFBC}") = "IEnumerable", "IEnumerable\IEnumerable.csproj", "{32CBE82B-FDB2-490C-ABA9-9C9246651C92}"
EndProject
Project("{FAE04EC0-301F-11D3-BF4B-00C04F79EFBC}") = "ConvertTypes", "ConvertTypes\ConvertTypes.csproj", "{308C603B-BADE-4DD2-B2E3-19D577F4197F}"
EndProject
Project("{FAE04EC0-301F-11D3-BF4B-00C04F79EFBC}") = "LINQExample", "LINQExample\LINQExample.csproj", "{A51AF81F-917E-4BCB-913B-2B012832285B}"
EndProject
Project("{FAE04EC0-301F-11D3-BF4B-00C04F79EFBC}") = "BoxingUnboxingExample", "BoxingUnboxingExample\BoxingUnboxingExample.csproj", "{AA46B3D1-1F84-4417-BA68-FFF4C62B5B91}"
EndProject
Project("{FAE04EC0-301F-11D3-BF4B-00C04F79EFBC}") = "GenericVsNonGeneric", "GenericVsNonGeneric\GenericVsNonGeneric.csproj", "{56A9929D-7EC8-4ED7-A760-A2394ABBE398}"
EndProject
Global
	GlobalSection(SolutionConfigurationPlatforms) = preSolution
		Debug|Any CPU = Debug|Any CPU
		Release|Any CPU = Release|Any CPU
	EndGlobalSection
	GlobalSection(ProjectConfigurationPlatforms) = postSolution
		{C242CF33-7763-4DB4-8D23-823AEA5FDD7A}.Debug|Any CPU.ActiveCfg = Debug|Any CPU
		{C242CF33-7763-4DB4-8D23-823AEA5FDD7A}.Debug|Any CPU.Build.0 = Debug|Any CPU
		{C242CF33-7763-4DB4-8D23-823AEA5FDD7A}.Release|Any CPU.ActiveCfg = Release|Any CPU
		{C242CF33-7763-4DB4-8D23-823AEA5FDD7A}.Release|Any CPU.Build.0 = Release|Any CPU
		{6D072B64-079C-48F1-80DF-404DCBF28A7B}.Debug|Any CPU.ActiveCfg = Debug|Any CPU
		{6D072B64-079C-48F1-80DF-404DCBF28A7B}.Debug|Any CPU.Build.0 = Debug|Any CPU
		{6D072B64-079C-48F1-80DF-404DCBF28A7B}.Release|Any CPU.ActiveCfg = Release|Any CPU
		{6D072B64-079C-48F1-80DF-404DCBF28A7B}.Release|Any CPU.Build.0 = Release|Any CPU
		{32CBE82B-FDB2-490C-ABA9-9C9246651C92}.Debug|Any CPU.ActiveCfg = Debug|Any CPU
		{32CBE82B-FDB2-490C-ABA9-9C9246651C92}.Debug|Any CPU.Build.0 = Debug|Any CPU
		{32CBE82B-FDB2-490C-ABA9-9C9246651C92}.Release|Any CPU.ActiveCfg = Release|Any CPU
		{32CBE82B-FDB2-490C-ABA9-9C9246651C92}.Release|Any CPU.Build.0 = Release|Any CPU
		{308C603B-BADE-4DD2-B2E3-19D577F4197F}.Debug|Any CPU.ActiveCfg = Debug|Any CPU
		{308C603B-BADE-4DD2-B2E3-19D577F4197F}.Debug|Any CPU.Build.0 = Debug|Any CPU
		{308C603B-BADE-4DD2-B2E3-19D577F4197F}.Release|Any CPU.ActiveCfg = Release|Any CPU
		{308C603B-BADE-4DD2-B2E3-19D577F4197F}.Release|Any CPU.Build.0 = Release|Any CPU
		{A51AF81F-917E-4BCB-913B-2B012832285B}.Debug|Any CPU.ActiveCfg = Debug|Any CPU
		{A51AF81F-917E-4BCB-913B-2B012832285B}.Debug|Any CPU.Build.0 = Debug|Any CPU
		{A51AF81F-917E-4BCB-913B-2B012832285B}.Release|Any CPU.ActiveCfg = Release|Any CPU
		{A51AF81F-917E-4BCB-913B-2B012832285B}.Release|Any CPU.Build.0 = Release|Any CPU
		{AA46B3D1-1F84-4417-BA68-FFF4C62B5B91}.Debug|Any CPU.ActiveCfg = Debug|Any CPU
		{AA46B3D1-1F84-4417-BA68-FFF4C62B5B91}.Debug|Any CPU.Build.0 = Debug|Any CPU
		{AA46B3D1-1F84-4417-BA68-FFF4C62B5B91}.Release|Any CPU.ActiveCfg = Release|Any CPU
		{AA46B3D1-1F84-4417-BA68-FFF4C62B5B91}.Release|Any CPU.Build.0 = Release|Any CPU
		{56A9929D-7EC8-4ED7-A760-A2394ABBE398}.Debug|Any CPU.ActiveCfg = Debug|Any CPU
		{56A9929D-7EC8-4ED7-A760-A2394ABBE398}.Debug|Any CPU.Build.0 = Debug|Any CPU
		{56A9929D-7EC8-4ED7-A760-A2394ABBE398}.Release|Any CPU.ActiveCfg = Release|Any CPU
		{56A9929D-7EC8-4ED7-A760-A2394ABBE398}.Release|Any CPU.Build.0 = Release|Any CPU
	EndGlobalSection
	GlobalSection(SolutionProperties) = preSolution
		HideSolutionNode = FALSE
	EndGlobalSection
EndGlobal
